
Microsoft Visual Studio Solution File, Format Version 12.00
# Visual Studio Version 17
VisualStudioVersion = 17.0.31919.166
MinimumVisualStudioVersion = 10.0.40219.1
Project("{FAE04EC0-301F-11D3-BF4B-00C04F79EFBC}") = "HighlighToolGUI", "HighlighToolGUI\HighlighToolGUI.csproj", "{A747AC9D-5C8B-44B4-82B3-0B845B50DACB}"
EndProject
Global
	GlobalSection(SolutionConfigurationPlatforms) = preSolution
		Debug|Any CPU = Debug|Any CPU
		Release|Any CPU = Release|Any CPU
	EndGlobalSection
	GlobalSection(ProjectConfigurationPlatforms) = postSolution
		{A747AC9D-5C8B-44B4-82B3-0B845B50DACB}.Debug|Any CPU.ActiveCfg = Debug|Any CPU
		{A747AC9D-5C8B-44B4-82B3-0B845B50DACB}.Debug|Any CPU.Build.0 = Debug|Any CPU
		{A747AC9D-5C8B-44B4-82B3-0B845B50DACB}.Release|Any CPU.ActiveCfg = Release|Any CPU
		{A747AC9D-5C8B-44B4-82B3-0B845B50DACB}.Release|Any CPU.Build.0 = Release|Any CPU
	EndGlobalSection
	GlobalSection(SolutionProperties) = preSolution
		HideSolutionNode = FALSE
	EndGlobalSection
	GlobalSection(ExtensibilityGlobals) = postSolution
		SolutionGuid = {4930A382-DB93-444D-B054-BA9F6B9D429A}
	EndGlobalSection
EndGlobal
